filippo.io/edwards25519 v1.1.0 h1:FNf4tywRC1HmFuKW5xopWpigGjJKiJSV0Cqo0cJWDaA=
filippo.io/edwards25519 v1.1.0/go.mod h1:BxyFTGdWcka3PhytdK4V28tE5sGfRvvvRV7EaN4VDT4=
github.com/davecgh/go-spew v1.1.0/go.mod h1:J7Y8YcW2NihsgmVo/mv3lAwl/skON4iLHjSsI+c5H38=
github.com/davecgh/go-spew v1.1.1/go.mod h1:J7Y8YcW2NihsgmVo/mv3lAwl/skON4iLHjSsI+c5H38=
github.com/elliotchance/pie v1.39.0 h1:oudoOFLPYvWwsJ/J2dFv3uHkdHdq7oSv8aNMWqUQVv8=
github.com/elliotchance/pie v1.39.0/go.mod h1:W/nLuTGZ1dLKzRS0Z2g2N2evWzMenuDnBhk0s6Y9k54=
github.com/elliotchance/pie/v2 v2.9.1 h1:v7TdC6ZdNZJ1HACofpLXvGKHUk307AjY/bttwDPWKEQ=
github.com/elliotchance/pie/v2 v2.9.1/go.mod h1:18t0dgGFH006g4eVdDtWfgFZPQEgl10IoEO8YWEq3Og=
github.com/elliotchance/testify-stats v1.0.0/go.mod h1:Mc25k7L4E65uf6CfW+s/pY04XcoiqQBrfIRsWQcgweA=
github.com/go-sql-driver/mysql v1.8.1 h1:LedoTUt/eveggdHS9qUFC1EFSa8bU2+1pZjSRpvNJ1Y=
github.com/go-sql-driver/mysql v1.8.1/go.mod h1:wEBSXgmK//2ZFJyE+qWnIsVGmvmEKlqwuVSjsCm7DZg=
github.com/pmezard/go-difflib v1.0.0/go.mod h1:iKH77koFhYxTK1pcRnkKkqfTogsbg7gZNVY4sRDYZ/4=
github.com/stretchr/objx v0.1.0/go.mod h1:HFkY916IF+rwdDfMAkV7OtwuqBVzrE8GR6GFx+wExME=
github.com/stretchr/testify v1.3.0/go.mod h1:M5WIy9Dh21IEIfnGCwXGc5bZfKNJtfHm1UVUgZn+9EI=
golang.org/x/exp v0.0.0-20241210194714-1829a127f884 h1:Y/Mj/94zIQQGHVSv1tTtQBDaQaJe62U9bkDZKKyhPCU=
golang.org/x/exp v0.0.0-20241210194714-1829a127f884/go.mod h1:qj5a5QZpwLU2NLQudwIN5koi3beDhSAlJwa67PuM98c=
